{
  "name": "nodejs",
  "lockfileVersion": 3,
  "requires": true,
  "packages": {
    "": {
      "dependencies": {
        "hippo-sdk": "file:../../pkg/hippo-sdk-1.0.0.tgz"
      }
    },
    "node_modules/hippo-sdk": {
      "version": "1.0.0",
      "resolved": "file:../../pkg/hippo-sdk-1.0.0.tgz",
      "integrity": "sha512-rv+uDhOs66xZQSuuJcbHIettDJo2pB/nzC+pXjQ0tj2vSDEFxwXVdtT2EZlkF9HVB25K5yEPhblNwoMH0PJ7bA=="
    }
  }
}
