{
  "name": "nodejs",
  "lockfileVersion": 3,
  "requires": true,
  "packages": {
    "": {
      "dependencies": {
        "hippo-sdk": "1.0.0"
      }
    },
    "node_modules/hippo-sdk": {
      "version": "1.0.0",
      "resolved": "https://registry.npmjs.org/hippo-sdk/-/hippo-sdk-1.0.0.tgz",
      "integrity": "sha512-JBS0H6qE8MPvYH9Zv9HnHg9iC39rEVOeVbpeAGilqxGQ6i+4UxFGPo4aq+khQtH2e+sGAqlViN0Fpd5CrZwYDg=="
    }
  }
}
