{
  "name": "nodejs",
  "lockfileVersion": 3,
  "requires": true,
  "packages": {
    "": {
      "dependencies": {
        "hippo-sdk": "file:../../pkg/hippo-sdk-2.0.0.tgz"
      }
    },
    "node_modules/hippo-sdk": {
      "version": "2.0.0",
      "resolved": "file:../../pkg/hippo-sdk-2.0.0.tgz",
      "integrity": "sha512-rL/BvSw4orUH+8JnxA13Nu15DWdHXhsEORee6XV2zArV0mMsM6NiehKN9JEU+udS9w1UwfWU64WwG6+LAlymbQ=="
    }
  }
}
